{
  "name": "estatico-handlebars",
  "version": "0.0.1",
  "lockfileVersion": 1,
  "requires": true,
  "dependencies": {
    "handlebars-layouts": {
      "version": "3.1.4",
      "resolved": "https://registry.npmjs.org/handlebars-layouts/-/handlebars-layouts-3.1.4.tgz",
      "integrity": "sha1-JrO+uTG0uHffv35v6vQFjuYiiwI="
    }
  }
}
