{
  "name": "estatico-sass",
  "version": "0.0.1",
  "lockfileVersion": 1,
  "requires": true,
  "dependencies": {
    "is-there": {
      "version": "4.4.3",
      "resolved": "https://registry.npmjs.org/is-there/-/is-there-4.4.3.tgz",
      "integrity": "sha1-osSTZsakh/cZ28rYDL3iEkjSwY0="
    },
    "json5": {
      "version": "0.5.1",
      "resolved": "https://registry.npmjs.org/json5/-/json5-0.5.1.tgz",
      "integrity": "sha1-Hq3nrMASA0rYTiOWdn6tn6VJWCE="
    },
    "lodash": {
      "version": "3.10.1",
      "resolved": "https://registry.npmjs.org/lodash/-/lodash-3.10.1.tgz",
      "integrity": "sha1-W/Rejkm6QYnhfUgnid/RW9FAt7Y="
    },
    "node-sass-json-importer": {
      "version": "3.1.2",
      "resolved": "https://registry.npmjs.org/node-sass-json-importer/-/node-sass-json-importer-3.1.2.tgz",
      "integrity": "sha512-DS3klehO4pdJzOHUGmi7djYzZiRsi6awBWFDGfmzVzvVRV6Xyqmk54zqBFTkdLjaS2e4XzIUDpGBxHKtwP9sjg==",
      "requires": {
        "is-there": "4.4.3",
        "json5": "0.5.1",
        "lodash": "3.10.1"
      }
    }
  }
}
